version = 1
revision = 3
requires-python = ">=3.14.2, <3.15"

[[package]]
name = "annotated-types"
version = "0.7.0"
source = { registry = "https://pypi.org/simple" }
sdist = { url = "https://files.pythonhosted.org/packages/ee/67/531ea369ba64dcff5ec9c3402f9f51bf748cec26dde048a2f973a4eea7f5/annotated_types-0.7.0.tar.gz", hash = "sha256:aff07c09a53a08bc8cfccb9c85b05f1aa9a2a6f23728d790723543408344ce89", size = 16081, upload-time = "2024-05-20T21:33:25.928Z" }
wheels = [
    { url = "https://files.pythonhosted.org/packages/78/b6/6307fbef88d9b5ee7421e68d78a9f162e0da4900bc5f5793f6d3d0e34fb8/annotated_types-0.7.0-py3-none-any.whl", hash = "sha256:1f02e8b43a8fbbc3f3e0d4f0f4bfc8131bcb4eebe8849b8e5c773f3a1c582a53", size = 13643, upload-time = "2024-05-20T21:33:24.1Z" },
]

[[package]]
name = "anyio"
version = "4.8.0"
source = { registry = "https://pypi.org/simple" }
dependencies = [
    { name = "idna" },
    { name = "sniffio" },
]
sdist = { url = "https://files.pythonhosted.org/packages/a3/73/199a98fc2dae33535d6b8e8e6ec01f8c1d76c9adb096c6b7d64823038cde/anyio-4.8.0.tar.gz", hash = "sha256:1d9fe889df5212298c0c0723fa20479d1b94883a2df44bd3897aa91083316f7a", size = 181126, upload-time = "2025-01-05T13:13:11.095Z" }
wheels = [
    { url = "https://files.pythonhosted.org/packages/46/eb/e7f063ad1fec6b3178a3cd82d1a3c4de82cccf283fc42746168188e1cdd5/anyio-4.8.0-py3-none-any.whl", hash = "sha256:b5011f270ab5eb0abf13385f851315585cc37ef330dd88e27ec3d34d651fd47a", size = 96041, upload-time = "2025-01-05T13:13:07.985Z" },
]

[[package]]
name = "astroid"
version = "3.3.8"
source = { registry = "https://pypi.org/simple" }
sdist = { url = "https://files.pythonhosted.org/packages/80/c5/5c83c48bbf547f3dd8b587529db7cf5a265a3368b33e85e76af8ff6061d3/astroid-3.3.8.tar.gz", hash = "sha256:a88c7994f914a4ea8572fac479459f4955eeccc877be3f2d959a33273b0cf40b", size = 398196, upload-time = "2024-12-24T01:13:05.59Z" }
wheels = [
    { url = "https://files.pythonhosted.org/packages/07/28/0bc8a17d6cd4cc3c79ae41b7105a2b9a327c110e5ddd37a8a27b29a5c8a2/astroid-3.3.8-py3-none-any.whl", hash = "sha256:187ccc0c248bfbba564826c26f070494f7bc964fd286b6d9fff4420e55de828c", size = 275153, upload-time = "2024-12-24T01:13:02.726Z" },
]

[[package]]
name = "black"
version = "25.12.0"
source = { registry = "https://pypi.org/simple" }
dependencies = [
    { name = "click" },
    { name = "mypy-extensions" },
    { name = "packaging" },
    { name = "pathspec" },
    { name = "platformdirs" },
    { name = "pytokens" },
]
sdist = { url = "https://files.pythonhosted.org/packages/c4/d9/07b458a3f1c525ac392b5edc6b191ff140b596f9d77092429417a54e249d/black-25.12.0.tar.gz", hash = "sha256:8d3dd9cea14bff7ddc0eb243c811cdb1a011ebb4800a5f0335a01a68654796a7", size = 659264, upload-time = "2025-12-08T01:40:52.501Z" }
wheels = [
    { url = "https://files.pythonhosted.org/packages/35/46/1d8f2542210c502e2ae1060b2e09e47af6a5e5963cb78e22ec1a11170b28/black-25.12.0-cp314-cp314-macosx_10_15_x86_64.whl", hash = "sha256:0a0953b134f9335c2434864a643c842c44fba562155c738a2a37a4d61f00cad5", size = 1917015, upload-time = "2025-12-08T01:53:27.987Z" },
    { url = "https://files.pythonhosted.org/packages/41/37/68accadf977672beb8e2c64e080f568c74159c1aaa6414b4cd2aef2d7906/black-25.12.0-cp314-cp314-macosx_11_0_arm64.whl", hash = "sha256:2355bbb6c3b76062870942d8cc450d4f8ac71f9c93c40122762c8784df49543f", size = 1741830, upload-time = "2025-12-08T01:54:36.861Z" },
    { url = "https://files.pythonhosted.org/packages/ac/76/03608a9d8f0faad47a3af3a3c8c53af3367f6c0dd2d23a84710456c7ac56/black-25.12.0-cp314-cp314-manylinux2014_x86_64.manylinux_2_17_x86_64.manylinux_2_28_x86_64.whl", hash = "sha256:9678bd991cc793e81d19aeeae57966ee02909877cb65838ccffef24c3ebac08f", size = 1791450, upload-time = "2025-12-08T01:44:52.581Z" },
    { url = "https://files.pythonhosted.org/packages/06/99/b2a4bd7dfaea7964974f947e1c76d6886d65fe5d24f687df2d85406b2609/black-25.12.0-cp314-cp314-win_amd64.whl", hash = "sha256:97596189949a8aad13ad12fcbb4ae89330039b96ad6742e6f6b45e75ad5cfd83", size = 1452042, upload-time = "2025-12-08T01:46:13.188Z" },
    { url = "https://files.pythonhosted.org/packages/b2/7c/d9825de75ae5dd7795d007681b752275ea85a1c5d83269b4b9c754c2aaab/black-25.12.0-cp314-cp314-win_arm64.whl", hash = "sha256:778285d9ea197f34704e3791ea9404cd6d07595745907dd2ce3da7a13627b29b", size = 1267446, upload-time = "2025-12-08T01:46:14.497Z" },
    { url = "https://files.pythonhosted.org/packages/68/11/21331aed19145a952ad28fca2756a1433ee9308079bd03bd898e903a2e53/black-25.12.0-py3-none-any.whl", hash = "sha256:48ceb36c16dbc84062740049eef990bb2ce07598272e673c17d1a7720c71c828", size = 206191, upload-time = "2025-12-08T01:40:50.963Z" },
]

[[package]]
name = "click"
version = "8.1.8"
source = { registry = "https://pypi.org/simple" }
dependencies = [
    { name = "colorama", marker = "sys_platform == 'win32'" },
]
sdist = { url = "https://files.pythonhosted.org/packages/b9/2e/0090cbf739cee7d23781ad4b89a9894a41538e4fcf4c31dcdd705b78eb8b/click-8.1.8.tar.gz", hash = "sha256:ed53c9d8990d83c2a27deae68e4ee337473f6330c040a31d4225c9574d16096a", size = 226593, upload-time = "2024-12-21T18:38:44.339Z" }
wheels = [
    { url = "https://files.pythonhosted.org/packages/7e/d4/7ebdbd03970677812aac39c869717059dbb71a4cfc033ca6e5221787892c/click-8.1.8-py3-none-any.whl", hash = "sha256:63c132bbbed01578a06712a2d1f497bb62d9c1c0d329b7903a866228027263b2", size = 98188, upload-time = "2024-12-21T18:38:41.666Z" },
]

[[package]]
name = "colorama"
version = "0.4.6"
source = { registry = "https://pypi.org/simple" }
sdist = { url = "https://files.pythonhosted.org/packages/d8/53/6f443c9a4a8358a93a6792e2acffb9d9d5cb0a5cfd8802644b7b1c9a02e4/colorama-0.4.6.tar.gz", hash = "sha256:08695f5cb7ed6e0531a20572697297273c47b8cae5a63ffc6d6ed5c201be6e44", size = 27697, upload-time = "2022-10-25T02:36:22.414Z" }
wheels = [
    { url = "https://files.pythonhosted.org/packages/d1/d6/3965ed04c63042e047cb6a3e6ed1a63a35087b6a609aa3a15ed8ac56c221/colorama-0.4.6-py2.py3-none-any.whl", hash = "sha256:4f1d9991f5acc0ca119f9d443620b77f9d6b33703e51011c16baf57afb285fc6", size = 25335, upload-time = "2022-10-25T02:36:20.889Z" },
]

[[package]]
name = "dill"
version = "0.3.9"
source = { registry = "https://pypi.org/simple" }
sdist = { url = "https://files.pythonhosted.org/packages/70/43/86fe3f9e130c4137b0f1b50784dd70a5087b911fe07fa81e53e0c4c47fea/dill-0.3.9.tar.gz", hash = "sha256:81aa267dddf68cbfe8029c42ca9ec6a4ab3b22371d1c450abc54422577b4512c", size = 187000, upload-time = "2024-09-29T00:03:20.958Z" }
wheels = [
    { url = "https://files.pythonhosted.org/packages/46/d1/e73b6ad76f0b1fb7f23c35c6d95dbc506a9c8804f43dda8cb5b0fa6331fd/dill-0.3.9-py3-none-any.whl", hash = "sha256:468dff3b89520b474c0397703366b7b95eebe6303f108adf9b19da1f702be87a", size = 119418, upload-time = "2024-09-29T00:03:19.344Z" },
]

[[package]]
name = "dodgy"
version = "0.2.1"
source = { registry = "https://pypi.org/simple" }
sdist = { url = "https://files.pythonhosted.org/packages/40/10/236a51323133319e108bc52594a66a39ec2f8fa9e4e47543936b5f4582d0/dodgy-0.2.1.tar.gz", hash = "sha256:28323cbfc9352139fdd3d316fa17f325cc0e9ac74438cbba51d70f9b48f86c3a", size = 4896, upload-time = "2019-12-31T16:44:59.472Z" }
wheels = [
    { url = "https://files.pythonhosted.org/packages/22/f4/65b8a29adab331611259b86cf1d87a64f523fed52aba5d4bbdb2be2aed43/dodgy-0.2.1-py3-none-any.whl", hash = "sha256:51f54c0fd886fa3854387f354b19f429d38c04f984f38bc572558b703c0542a6", size = 5362, upload-time = "2019-12-31T16:44:58.264Z" },
]

[[package]]
name = "fastapi"
version = "0.115.11"
source = { registry = "https://pypi.org/simple" }
dependencies = [
    { name = "pydantic" },
    { name = "starlette" },
    { name = "typing-extensions" },
]
sdist = { url = "https://files.pythonhosted.org/packages/b5/28/c5d26e5860df807241909a961a37d45e10533acef95fc368066c7dd186cd/fastapi-0.115.11.tar.gz", hash = "sha256:cc81f03f688678b92600a65a5e618b93592c65005db37157147204d8924bf94f", size = 294441, upload-time = "2025-03-01T22:16:50.378Z" }
wheels = [
    { url = "https://files.pythonhosted.org/packages/b3/5d/4d8bbb94f0dbc22732350c06965e40740f4a92ca560e90bb566f4f73af41/fastapi-0.115.11-py3-none-any.whl", hash = "sha256:32e1541b7b74602e4ef4a0260ecaf3aadf9d4f19590bba3e1bf2ac4666aa2c64", size = 94926, upload-time = "2025-03-01T22:16:48.596Z" },
]

[[package]]
name = "fiaas-logging"
version = "0.1.1"
source = { registry = "https://pypi.org/simple" }
sdist = { url = "https://files.pythonhosted.org/packages/93/d3/4c34df421a5c1cc704175c8547d99c57cc185ef81baaa449b0ae34de73d0/fiaas-logging-0.1.1.tar.gz", hash = "sha256:436c6448f15307cd79552ef1035f4f69c5fb6e0586ab01d55847b3e6cf2717e5", size = 12757, upload-time = "2020-03-08T20:46:37.708Z" }
wheels = [
    { url = "https://files.pythonhosted.org/packages/3c/a4/bf2b48bf3c8e8e85521a3660f6c0ac65fa1cf51e7b361b95d5e6618134de/fiaas_logging-0.1.1-py2.py3-none-any.whl", hash = "sha256:47bf999d3734f066fe9911bbc65dbae2576790554e22038615f802322f10b9c1", size = 8632, upload-time = "2020-03-08T20:46:35.458Z" },
]

[[package]]
name = "flake8"
version = "7.1.2"
source = { registry = "https://pypi.org/simple" }
dependencies = [
    { name = "mccabe" },
    { name = "pycodestyle" },
    { name = "pyflakes" },
]
sdist = { url = "https://files.pythonhosted.org/packages/58/16/3f2a0bb700ad65ac9663262905a025917c020a3f92f014d2ba8964b4602c/flake8-7.1.2.tar.gz", hash = "sha256:c586ffd0b41540951ae41af572e6790dbd49fc12b3aa2541685d253d9bd504bd", size = 48119, upload-time = "2025-02-16T18:45:44.296Z" }
wheels = [
    { url = "https://files.pythonhosted.org/packages/35/f8/08d37b2cd89da306e3520bd27f8a85692122b42b56c0c2c3784ff09c022f/flake8-7.1.2-py2.py3-none-any.whl", hash = "sha256:1cbc62e65536f65e6d754dfe6f1bada7f5cf392d6f5db3c2b85892466c3e7c1a", size = 57745, upload-time = "2025-02-16T18:45:42.351Z" },
]

[[package]]
name = "flake8-polyfill"
version = "1.0.2"
source = { registry = "https://pypi.org/simple" }
dependencies = [
    { name = "flake8" },
]
sdist = { url = "https://files.pythonhosted.org/packages/e6/67/1c26634a770db5c442e361311bee73cb3a177adb2eb3f7af8953cfd9f553/flake8-polyfill-1.0.2.tar.gz", hash = "sha256:e44b087597f6da52ec6393a709e7108b2905317d0c0b744cdca6208e670d8eda", size = 7591, upload-time = "2017-12-30T13:46:58.138Z" }
wheels = [
    { url = "https://files.pythonhosted.org/packages/86/b5/a43fed6fd0193585d17d6faa7b85317d4461f694aaed546098c69f856579/flake8_polyfill-1.0.2-py2.py3-none-any.whl", hash = "sha256:12be6a34ee3ab795b19ca73505e7b55826d5f6ad7230d31b18e106400169b9e9", size = 7350, upload-time = "2017-12-30T13:46:54.79Z" },
]

[[package]]
name = "h11"
version = "0.14.0"
source = { registry = "https://pypi.org/simple" }
sdist = { url = "https://files.pythonhosted.org/packages/f5/38/3af3d3633a34a3316095b39c8e8fb4853a28a536e55d347bd8d8e9a14b03/h11-0.14.0.tar.gz", hash = "sha256:8f19fbbe99e72420ff35c00b27a34cb9937e902a8b810e2c88300c6f0a3b699d", size = 100418, upload-time = "2022-09-25T15:40:01.519Z" }
wheels = [
    { url = "https://files.pythonhosted.org/packages/95/04/ff642e65ad6b90db43e668d70ffb6736436c7ce41fcc549f4e9472234127/h11-0.14.0-py3-none-any.whl", hash = "sha256:e3fe4ac4b851c468cc8363d500db52c2ead036020723024a109d37346efaa761", size = 58259, upload-time = "2022-09-25T15:39:59.68Z" },
]

[[package]]
name = "idna"
version = "3.10"
source = { registry = "https://pypi.org/simple" }
sdist = { url = "https://files.pythonhosted.org/packages/f1/70/7703c29685631f5a7590aa73f1f1d3fa9a380e654b86af429e0934a32f7d/idna-3.10.tar.gz", hash = "sha256:12f65c9b470abda6dc35cf8e63cc574b1c52b11df2c86030af0ac09b01b13ea9", size = 190490, upload-time = "2024-09-15T18:07:39.745Z" }
wheels = [
    { url = "https://files.pythonhosted.org/packages/76/c6/c88e154df9c4e1a2a66ccf0005a88dfb2650c1dffb6f5ce603dfbd452ce3/idna-3.10-py3-none-any.whl", hash = "sha256:946d195a0d259cbba61165e88e65941f16e9b36ea6ddb97f00452bae8b1287d3", size = 70442, upload-time = "2024-09-15T18:07:37.964Z" },
]

[[package]]
name = "isort"
version = "6.0.1"
source = { registry = "https://pypi.org/simple" }
sdist = { url = "https://files.pythonhosted.org/packages/b8/21/1e2a441f74a653a144224d7d21afe8f4169e6c7c20bb13aec3a2dc3815e0/isort-6.0.1.tar.gz", hash = "sha256:1cb5df28dfbc742e490c5e41bad6da41b805b0a8be7bc93cd0fb2a8a890ac450", size = 821955, upload-time = "2025-02-26T21:13:16.955Z" }
wheels = [
    { url = "https://files.pythonhosted.org/packages/c1/11/114d0a5f4dabbdcedc1125dee0888514c3c3b16d3e9facad87ed96fad97c/isort-6.0.1-py3-none-any.whl", hash = "sha256:2dc5d7f65c9678d94c88dfc29161a320eec67328bc97aad576874cb4be1e9615", size = 94186, upload-time = "2025-02-26T21:13:14.911Z" },
]

[[package]]
name = "jinja2"
version = "3.1.6"
source = { registry = "https://pypi.org/simple" }
dependencies = [
    { name = "markupsafe" },
]
sdist = { url = "https://files.pythonhosted.org/packages/df/bf/f7da0350254c0ed7c72f3e33cef02e048281fec7ecec5f032d4aac52226b/jinja2-3.1.6.tar.gz", hash = "sha256:0137fb05990d35f1275a587e9aee6d56da821fc83491a0fb838183be43f66d6d", size = 245115, upload-time = "2025-03-05T20:05:02.478Z" }
wheels = [
    { url = "https://files.pythonhosted.org/packages/62/a1/3d680cbfd5f4b8f15abc1d571870c5fc3e594bb582bc3b64ea099db13e56/jinja2-3.1.6-py3-none-any.whl", hash = "sha256:85ece4451f492d0c13c5dd7c13a64681a86afae63a5f347908daf103ce6d2f67", size = 134899, upload-time = "2025-03-05T20:05:00.369Z" },
]

[[package]]
name = "markupsafe"
version = "3.0.2"
source = { registry = "https://pypi.org/simple" }
sdist = { url = "https://files.pythonhosted.org/packages/b2/97/5d42485e71dfc078108a86d6de8fa46db44a1a9295e89c5d6d4a06e23a62/markupsafe-3.0.2.tar.gz", hash = "sha256:ee55d3edf80167e48ea11a923c7386f4669df67d7994554387f84e7d8b0a2bf0", size = 20537, upload-time = "2024-10-18T15:21:54.129Z" }

[[package]]
name = "mccabe"
version = "0.7.0"
source = { registry = "https://pypi.org/simple" }
sdist = { url = "https://files.pythonhosted.org/packages/e7/ff/0ffefdcac38932a54d2b5eed4e0ba8a408f215002cd178ad1df0f2806ff8/mccabe-0.7.0.tar.gz", hash = "sha256:348e0240c33b60bbdf4e523192ef919f28cb2c3d7d5c7794f74009290f236325", size = 9658, upload-time = "2022-01-24T01:14:51.113Z" }
wheels = [
    { url = "https://files.pythonhosted.org/packages/27/1a/1f68f9ba0c207934b35b86a8ca3aad8395a3d6dd7921c0686e23853ff5a9/mccabe-0.7.0-py2.py3-none-any.whl", hash = "sha256:6c2d30ab6be0e4a46919781807b4f0d834ebdd6c6e3dca0bda5a15f863427b6e", size = 7350, upload-time = "2022-01-24T01:14:49.62Z" },
]

[[package]]
name = "mypy-extensions"
version = "1.0.0"
source = { registry = "https://pypi.org/simple" }
sdist = { url = "https://files.pythonhosted.org/packages/98/a4/1ab47638b92648243faf97a5aeb6ea83059cc3624972ab6b8d2316078d3f/mypy_extensions-1.0.0.tar.gz", hash = "sha256:75dbf8955dc00442a438fc4d0666508a9a97b6bd41aa2f0ffe9d2f2725af0782", size = 4433, upload-time = "2023-02-04T12:11:27.157Z" }
wheels = [
    { url = "https://files.pythonhosted.org/packages/2a/e2/5d3f6ada4297caebe1a2add3b126fe800c96f56dbe5d1988a2cbe0b267aa/mypy_extensions-1.0.0-py3-none-any.whl", hash = "sha256:4392f6c0eb8a5668a69e23d168ffa70f0be9ccfd32b5cc2d26a34ae5b844552d", size = 4695, upload-time = "2023-02-04T12:11:25.002Z" },
]

[[package]]
name = "packaging"
version = "24.2"
source = { registry = "https://pypi.org/simple" }
sdist = { url = "https://files.pythonhosted.org/packages/d0/63/68dbb6eb2de9cb10ee4c9c14a0148804425e13c4fb20d61cce69f53106da/packaging-24.2.tar.gz", hash = "sha256:c228a6dc5e932d346bc5739379109d49e8853dd8223571c7c5b55260edc0b97f", size = 163950, upload-time = "2024-11-08T09:47:47.202Z" }
wheels = [
    { url = "https://files.pythonhosted.org/packages/88/ef/eb23f262cca3c0c4eb7ab1933c3b1f03d021f2c48f54763065b6f0e321be/packaging-24.2-py3-none-any.whl", hash = "sha256:09abb1bccd265c01f4a3aa3f7a7db064b36514d2cba19a2f694fe6150451a759", size = 65451, upload-time = "2024-11-08T09:47:44.722Z" },
]

[[package]]
name = "pathspec"
version = "0.12.1"
source = { registry = "https://pypi.org/simple" }
sdist = { url = "https://files.pythonhosted.org/packages/ca/bc/f35b8446f4531a7cb215605d100cd88b7ac6f44ab3fc94870c120ab3adbf/pathspec-0.12.1.tar.gz", hash = "sha256:a482d51503a1ab33b1c67a6c3813a26953dbdc71c31dacaef9a838c4e29f5712", size = 51043, upload-time = "2023-12-10T22:30:45Z" }
wheels = [
    { url = "https://files.pythonhosted.org/packages/cc/20/ff623b09d963f88bfde16306a54e12ee5ea43e9b597108672ff3a408aad6/pathspec-0.12.1-py3-none-any.whl", hash = "sha256:a0d503e138a4c123b27490a4f7beda6a01c6f288df0e4a8b79c7eb0dc7b4cc08", size = 31191, upload-time = "2023-12-10T22:30:43.14Z" },
]

[[package]]
name = "pep8-naming"
version = "0.10.0"
source = { registry = "https://pypi.org/simple" }
dependencies = [
    { name = "flake8-polyfill" },
]
sdist = { url = "https://files.pythonhosted.org/packages/06/af/1e182d83519eb3fca41befaa2b671f1dcb4c4280e830aa0908c038b1de67/pep8-naming-0.10.0.tar.gz", hash = "sha256:f3b4a5f9dd72b991bf7d8e2a341d2e1aa3a884a769b5aaac4f56825c1763bf3a", size = 15024, upload-time = "2020-03-20T21:24:25.903Z" }
wheels = [
    { url = "https://files.pythonhosted.org/packages/5b/69/6018efb8ae18bd5a05f5f447666060a44aa8fe017f439c50fe8c8bd990cf/pep8_naming-0.10.0-py2.py3-none-any.whl", hash = "sha256:5d9f1056cb9427ce344e98d1a7f5665710e2f20f748438e308995852cfa24164", size = 8092, upload-time = "2020-03-20T21:24:24.25Z" },
]

[[package]]
name = "platformdirs"
version = "4.3.6"
source = { registry = "https://pypi.org/simple" }
sdist = { url = "https://files.pythonhosted.org/packages/13/fc/128cc9cb8f03208bdbf93d3aa862e16d376844a14f9a0ce5cf4507372de4/platformdirs-4.3.6.tar.gz", hash = "sha256:357fb2acbc885b0419afd3ce3ed34564c13c9b95c89360cd9563f73aa5e2b907", size = 21302, upload-time = "2024-09-17T19:06:50.688Z" }
wheels = [
    { url = "https://files.pythonhosted.org/packages/3c/a6/bc1012356d8ece4d66dd75c4b9fc6c1f6650ddd5991e421177d9f8f671be/platformdirs-4.3.6-py3-none-any.whl", hash = "sha256:73e575e1408ab8103900836b97580d5307456908a03e92031bab39e4554cc3fb", size = 18439, upload-time = "2024-09-17T19:06:49.212Z" },
]

[[package]]
name = "prospector"
version = "1.17.3"
source = { registry = "https://pypi.org/simple" }
dependencies = [
    { name = "dodgy" },
    { name = "mccabe" },
    { name = "packaging" },
    { name = "pep8-naming" },
    { name = "pycodestyle" },
    { name = "pydocstyle" },
    { name = "pyflakes" },
    { name = "pylint" },
    { name = "pylint-celery" },
    { name = "pylint-django" },
    { name = "pyyaml" },
    { name = "requirements-detector" },
    { name = "setoptconf-tmp" },
    { name = "toml" },
]
sdist = { url = "https://files.pythonhosted.org/packages/05/89/180c37306d39adea1137160e626d55a621bc4d4a325386adae1f37f97416/prospector-1.17.3.tar.gz", hash = "sha256:c4df723012c45fc70f5b71f5eee318dbccaf903c2012c8ecf3ec89f60e5cb822", size = 71052, upload-time = "2025-08-13T11:19:11.555Z" }
wheels = [
    { url = "https://files.pythonhosted.org/packages/36/93/e400ea04527e304beb52fda165000fa3997e2b6f7fc8bcedea4528e8447f/prospector-1.17.3-py3-none-any.whl", hash = "sha256:e3698bba95f86ef50d626df33b29272cf6462061aca2b19161186c4405a6a402", size = 96195, upload-time = "2025-08-13T11:19:10.25Z" },
]

[[package]]
name = "pycodestyle"
version = "2.12.1"
source = { registry = "https://pypi.org/simple" }
sdist = { url = "https://files.pythonhosted.org/packages/43/aa/210b2c9aedd8c1cbeea31a50e42050ad56187754b34eb214c46709445801/pycodestyle-2.12.1.tar.gz", hash = "sha256:6838eae08bbce4f6accd5d5572075c63626a15ee3e6f842df996bf62f6d73521", size = 39232, upload-time = "2024-08-04T20:26:54.576Z" }
wheels = [
    { url = "https://files.pythonhosted.org/packages/3a/d8/a211b3f85e99a0daa2ddec96c949cac6824bd305b040571b82a03dd62636/pycodestyle-2.12.1-py2.py3-none-any.whl", hash = "sha256:46f0fb92069a7c28ab7bb558f05bfc0110dac69a0cd23c61ea0040283a9d78b3", size = 31284, upload-time = "2024-08-04T20:26:53.173Z" },
]

[[package]]
name = "pydantic"
version = "2.10.6"
source = { registry = "https://pypi.org/simple" }
dependencies = [
    { name = "annotated-types" },
    { name = "pydantic-core" },
    { name = "typing-extensions" },
]
sdist = { url = "https://files.pythonhosted.org/packages/b7/ae/d5220c5c52b158b1de7ca89fc5edb72f304a70a4c540c84c8844bf4008de/pydantic-2.10.6.tar.gz", hash = "sha256:ca5daa827cce33de7a42be142548b0096bf05a7e7b365aebfa5f8eeec7128236", size = 761681, upload-time = "2025-01-24T01:42:12.693Z" }
wheels = [
    { url = "https://files.pythonhosted.org/packages/f4/3c/8cc1cc84deffa6e25d2d0c688ebb80635dfdbf1dbea3e30c541c8cf4d860/pydantic-2.10.6-py3-none-any.whl", hash = "sha256:427d664bf0b8a2b34ff5dd0f5a18df00591adcee7198fbd71981054cef37b584", size = 431696, upload-time = "2025-01-24T01:42:10.371Z" },
]

[[package]]
name = "pydantic-core"
version = "2.27.2"
source = { registry = "https://pypi.org/simple" }
dependencies = [
    { name = "typing-extensions" },
]
sdist = { url = "https://files.pythonhosted.org/packages/fc/01/f3e5ac5e7c25833db5eb555f7b7ab24cd6f8c322d3a3ad2d67a952dc0abc/pydantic_core-2.27.2.tar.gz", hash = "sha256:eb026e5a4c1fee05726072337ff51d1efb6f59090b7da90d30ea58625b1ffb39", size = 413443, upload-time = "2024-12-18T11:31:54.917Z" }

[[package]]
name = "pydantic-settings"
version = "2.8.1"
source = { registry = "https://pypi.org/simple" }
dependencies = [
    { name = "pydantic" },
    { name = "python-dotenv" },
]
sdist = { url = "https://files.pythonhosted.org/packages/88/82/c79424d7d8c29b994fb01d277da57b0a9b09cc03c3ff875f9bd8a86b2145/pydantic_settings-2.8.1.tar.gz", hash = "sha256:d5c663dfbe9db9d5e1c646b2e161da12f0d734d422ee56f567d0ea2cee4e8585", size = 83550, upload-time = "2025-02-27T10:10:32.338Z" }
wheels = [
    { url = "https://files.pythonhosted.org/packages/0b/53/a64f03044927dc47aafe029c42a5b7aabc38dfb813475e0e1bf71c4a59d0/pydantic_settings-2.8.1-py3-none-any.whl", hash = "sha256:81942d5ac3d905f7f3ee1a70df5dfb62d5569c12f51a5a647defc1c3d9ee2e9c", size = 30839, upload-time = "2025-02-27T10:10:30.711Z" },
]

[[package]]
name = "pydocstyle"
version = "6.3.0"
source = { registry = "https://pypi.org/simple" }
dependencies = [
    { name = "snowballstemmer" },
]
sdist = { url = "https://files.pythonhosted.org/packages/e9/5c/d5385ca59fd065e3c6a5fe19f9bc9d5ea7f2509fa8c9c22fb6b2031dd953/pydocstyle-6.3.0.tar.gz", hash = "sha256:7ce43f0c0ac87b07494eb9c0b462c0b73e6ff276807f204d6b53edc72b7e44e1", size = 36796, upload-time = "2023-01-17T20:29:19.838Z" }
wheels = [
    { url = "https://files.pythonhosted.org/packages/36/ea/99ddefac41971acad68f14114f38261c1f27dac0b3ec529824ebc739bdaa/pydocstyle-6.3.0-py3-none-any.whl", hash = "sha256:118762d452a49d6b05e194ef344a55822987a462831ade91ec5c06fd2169d019", size = 38038, upload-time = "2023-01-17T20:29:18.094Z" },
]

[[package]]
name = "pyflakes"
version = "3.2.0"
source = { registry = "https://pypi.org/simple" }
sdist = { url = "https://files.pythonhosted.org/packages/57/f9/669d8c9c86613c9d568757c7f5824bd3197d7b1c6c27553bc5618a27cce2/pyflakes-3.2.0.tar.gz", hash = "sha256:1c61603ff154621fb2a9172037d84dca3500def8c8b630657d1701f026f8af3f", size = 63788, upload-time = "2024-01-05T00:28:47.703Z" }
wheels = [
    { url = "https://files.pythonhosted.org/packages/d4/d7/f1b7db88d8e4417c5d47adad627a93547f44bdc9028372dbd2313f34a855/pyflakes-3.2.0-py2.py3-none-any.whl", hash = "sha256:84b5be138a2dfbb40689ca07e2152deb896a65c3a3e24c251c5c62489568074a", size = 62725, upload-time = "2024-01-05T00:28:45.903Z" },
]

[[package]]
name = "pylint"
version = "3.3.4"
source = { registry = "https://pypi.org/simple" }
dependencies = [
    { name = "astroid" },
    { name = "colorama", marker = "sys_platform == 'win32'" },
    { name = "dill" },
    { name = "isort" },
    { name = "mccabe" },
    { name = "platformdirs" },
    { name = "tomlkit" },
]
sdist = { url = "https://files.pythonhosted.org/packages/ab/b9/50be49afc91469f832c4bf12318ab4abe56ee9aa3700a89aad5359ad195f/pylint-3.3.4.tar.gz", hash = "sha256:74ae7a38b177e69a9b525d0794bd8183820bfa7eb68cc1bee6e8ed22a42be4ce", size = 1518905, upload-time = "2025-01-28T13:28:21.649Z" }
wheels = [
    { url = "https://files.pythonhosted.org/packages/0d/8b/eef15df5f4e7aa393de31feb96ca9a3d6639669bd59d589d0685d5ef4e62/pylint-3.3.4-py3-none-any.whl", hash = "sha256:289e6a1eb27b453b08436478391a48cd53bb0efb824873f949e709350f3de018", size = 522280, upload-time = "2025-01-28T13:28:18.044Z" },
]

[[package]]
name = "pylint-celery"
version = "0.3"
source = { registry = "https://pypi.org/simple" }
dependencies = [
    { name = "astroid" },
    { name = "pylint" },
    { name = "pylint-plugin-utils" },
]
sdist = { url = "https://files.pythonhosted.org/packages/d7/11/7241fec486839a853cee783e3a00950d46ee1e3e993884341b1d4208a287/pylint-celery-0.3.tar.gz", hash = "sha256:41e32094e7408d15c044178ea828dd524beedbdbe6f83f712c5e35bde1de4beb", size = 1899, upload-time = "2014-09-25T07:23:50.824Z" }

[[package]]
name = "pylint-django"
version = "2.6.1"
source = { registry = "https://pypi.org/simple" }
dependencies = [
    { name = "pylint" },
    { name = "pylint-plugin-utils" },
]
sdist = { url = "https://files.pythonhosted.org/packages/40/d3/42f88e7549c6d69d9642e7f2de7a1a4a3d45fd352a8ca049c554a3feaba0/pylint-django-2.6.1.tar.gz", hash = "sha256:19e8c85a8573a04e3de7be2ba91e9a7c818ebf05e1b617be2bbae67a906b725f", size = 31970, upload-time = "2024-10-10T14:46:37.931Z" }
wheels = [
    { url = "https://files.pythonhosted.org/packages/1b/82/88b58feecce482e76e4ec4a45e44ed28075fddd82530d071d89466e83529/pylint_django-2.6.1-py3-none-any.whl", hash = "sha256:359f68fe8c810ee6bc8e1ab4c83c19b15a43b234a24b08978f47a23462b5ce28", size = 42858, upload-time = "2024-10-10T14:46:36.236Z" },
]

[[package]]
name = "pylint-plugin-utils"
version = "0.8.2"
source = { registry = "https://pypi.org/simple" }
dependencies = [
    { name = "pylint" },
]
sdist = { url = "https://files.pythonhosted.org/packages/4b/d2/3b9728910bc69232ec38d8fb7053c03c887bfe7e6e170649b683dd351750/pylint_plugin_utils-0.8.2.tar.gz", hash = "sha256:d3cebf68a38ba3fba23a873809155562571386d4c1b03e5b4c4cc26c3eee93e4", size = 10674, upload-time = "2023-05-20T04:42:16.154Z" }
wheels = [
    { url = "https://files.pythonhosted.org/packages/af/ee/49d11aee31061bcc1d2726bd8334a2883ddcdbde7d7744ed6b3bd11704ed/pylint_plugin_utils-0.8.2-py3-none-any.whl", hash = "sha256:ae11664737aa2effbf26f973a9e0b6779ab7106ec0adc5fe104b0907ca04e507", size = 11171, upload-time = "2023-05-20T04:42:13.65Z" },
]

[[package]]
name = "python-dotenv"
version = "1.0.1"
source = { registry = "https://pypi.org/simple" }
sdist = { url = "https://files.pythonhosted.org/packages/bc/57/e84d88dfe0aec03b7a2d4327012c1627ab5f03652216c63d49846d7a6c58/python-dotenv-1.0.1.tar.gz", hash = "sha256:e324ee90a023d808f1959c46bcbc04446a10ced277783dc6ee09987c37ec10ca", size = 39115, upload-time = "2024-01-23T06:33:00.505Z" }
wheels = [
    { url = "https://files.pythonhosted.org/packages/6a/3e/b68c118422ec867fa7ab88444e1274aa40681c606d59ac27de5a5588f082/python_dotenv-1.0.1-py3-none-any.whl", hash = "sha256:f7b63ef50f1b690dddf550d03497b66d609393b40b564ed0d674909a68ebf16a", size = 19863, upload-time = "2024-01-23T06:32:58.246Z" },
]

[[package]]
name = "pytokens"
version = "0.3.0"
source = { registry = "https://pypi.org/simple" }
sdist = { url = "https://files.pythonhosted.org/packages/4e/8d/a762be14dae1c3bf280202ba3172020b2b0b4c537f94427435f19c413b72/pytokens-0.3.0.tar.gz", hash = "sha256:2f932b14ed08de5fcf0b391ace2642f858f1394c0857202959000b68ed7a458a", size = 17644, upload-time = "2025-11-05T13:36:35.34Z" }
wheels = [
    { url = "https://files.pythonhosted.org/packages/84/25/d9db8be44e205a124f6c98bc0324b2bb149b7431c53877fc6d1038dddaf5/pytokens-0.3.0-py3-none-any.whl", hash = "sha256:95b2b5eaf832e469d141a378872480ede3f251a5a5041b8ec6e581d3ac71bbf3", size = 12195, upload-time = "2025-11-05T13:36:33.183Z" },
]

[[package]]
name = "pyyaml"
version = "6.0.2"
source = { registry = "https://pypi.org/simple" }
sdist = { url = "https://files.pythonhosted.org/packages/54/ed/79a089b6be93607fa5cdaedf301d7dfb23af5f25c398d5ead2525b063e17/pyyaml-6.0.2.tar.gz", hash = "sha256:d584d9ec91ad65861cc08d42e834324ef890a082e591037abe114850ff7bbc3e", size = 130631, upload-time = "2024-08-06T20:33:50.674Z" }

[[package]]
name = "quotes-backend"
version = "0.1.0"
source = { virtual = "." }
dependencies = [
    { name = "fastapi" },
    { name = "fiaas-logging" },
    { name = "jinja2" },
    { name = "pydantic" },
    { name = "pydantic-settings" },
    { name = "uvicorn" },
]

[package.dev-dependencies]
dev = [
    { name = "black" },
    { name = "prospector" },
]

[package.metadata]
requires-dist = [
    { name = "fastapi", specifier = ">=0.115.2,<1.0.0" },
    { name = "fiaas-logging", specifier = ">=0.1.1,<1.0.0" },
    { name = "jinja2", specifier = ">=3.1.6" },
    { name = "pydantic", specifier = ">=2.9.2,<3.0.0" },
    { name = "pydantic-settings", specifier = ">=2.6.0,<3.0.0" },
    { name = "uvicorn", specifier = ">=0.34.0,<1.0.0" },
]

[package.metadata.requires-dev]
dev = [
    { name = "black", specifier = "==25.12.0" },
    { name = "prospector", specifier = "==1.17.3" },
]

[[package]]
name = "requirements-detector"
version = "1.3.2"
source = { registry = "https://pypi.org/simple" }
dependencies = [
    { name = "astroid" },
    { name = "packaging" },
    { name = "semver" },
]
sdist = { url = "https://files.pythonhosted.org/packages/ae/ea/b654d7fd76455adaf734a29dcd68026fde31059dbeb99af05e4e15fc5258/requirements_detector-1.3.2.tar.gz", hash = "sha256:af5a3ea98ca703d14cf7b66751b2aeb3656d02d9e5fc1c97d7d4da02b057b601", size = 16342, upload-time = "2024-11-08T17:14:32.699Z" }
wheels = [
    { url = "https://files.pythonhosted.org/packages/5d/4b/1f4cd2279b6b72b84a3db3bcd7bd408e44dbd56afd1b8bcb9cbfa824cf5c/requirements_detector-1.3.2-py3-none-any.whl", hash = "sha256:e7595a32a21e5273dd54d3727bfef4591bbb96de341f6d95c9671981440876ee", size = 20958, upload-time = "2024-11-08T17:14:31.637Z" },
]

[[package]]
name = "semver"
version = "3.0.4"
source = { registry = "https://pypi.org/simple" }
sdist = { url = "https://files.pythonhosted.org/packages/72/d1/d3159231aec234a59dd7d601e9dd9fe96f3afff15efd33c1070019b26132/semver-3.0.4.tar.gz", hash = "sha256:afc7d8c584a5ed0a11033af086e8af226a9c0b206f313e0301f8dd7b6b589602", size = 269730, upload-time = "2025-01-24T13:19:27.617Z" }
wheels = [
    { url = "https://files.pythonhosted.org/packages/a6/24/4d91e05817e92e3a61c8a21e08fd0f390f5301f1c448b137c57c4bc6e543/semver-3.0.4-py3-none-any.whl", hash = "sha256:9c824d87ba7f7ab4a1890799cec8596f15c1241cb473404ea1cb0c55e4b04746", size = 17912, upload-time = "2025-01-24T13:19:24.949Z" },
]

[[package]]
name = "setoptconf-tmp"
version = "0.3.1"
source = { registry = "https://pypi.org/simple" }
sdist = { url = "https://files.pythonhosted.org/packages/c1/f1/dda18cbb5df090c67ed879760f49ee65aa1b5d4266c66175467f61aa8f58/setoptconf-tmp-0.3.1.tar.gz", hash = "sha256:e0480addd11347ba52f762f3c4d8afa3e10ad0affbc53e3ffddc0ca5f27d5778", size = 13691, upload-time = "2021-09-08T08:07:46.802Z" }
wheels = [
    { url = "https://files.pythonhosted.org/packages/59/98/6d072ea4b59693d93782b1e685547dd8e90f7880d4b3c050f67d4b9eec4f/setoptconf_tmp-0.3.1-py3-none-any.whl", hash = "sha256:76035d5cd1593d38b9056ae12d460eca3aaa34ad05c315b69145e138ba80a745", size = 32347, upload-time = "2021-09-08T08:07:44.866Z" },
]

[[package]]
name = "sniffio"
version = "1.3.1"
source = { registry = "https://pypi.org/simple" }
sdist = { url = "https://files.pythonhosted.org/packages/a2/87/a6771e1546d97e7e041b6ae58d80074f81b7d5121207425c964ddf5cfdbd/sniffio-1.3.1.tar.gz", hash = "sha256:f4324edc670a0f49750a81b895f35c3adb843cca46f0530f79fc1babb23789dc", size = 20372, upload-time = "2024-02-25T23:20:04.057Z" }
wheels = [
    { url = "https://files.pythonhosted.org/packages/e9/44/75a9c9421471a6c4805dbf2356f7c181a29c1879239abab1ea2cc8f38b40/sniffio-1.3.1-py3-none-any.whl", hash = "sha256:2f6da418d1f1e0fddd844478f41680e794e6051915791a034ff65e5f100525a2", size = 10235, upload-time = "2024-02-25T23:20:01.196Z" },
]

[[package]]
name = "snowballstemmer"
version = "2.2.0"
source = { registry = "https://pypi.org/simple" }
sdist = { url = "https://files.pythonhosted.org/packages/44/7b/af302bebf22c749c56c9c3e8ae13190b5b5db37a33d9068652e8f73b7089/snowballstemmer-2.2.0.tar.gz", hash = "sha256:09b16deb8547d3412ad7b590689584cd0fe25ec8db3be37788be3810cbf19cb1", size = 86699, upload-time = "2021-11-16T18:38:38.009Z" }
wheels = [
    { url = "https://files.pythonhosted.org/packages/ed/dc/c02e01294f7265e63a7315fe086dd1df7dacb9f840a804da846b96d01b96/snowballstemmer-2.2.0-py2.py3-none-any.whl", hash = "sha256:c8e1716e83cc398ae16824e5572ae04e0d9fc2c6b985fb0f900f5f0c96ecba1a", size = 93002, upload-time = "2021-11-16T18:38:34.792Z" },
]

[[package]]
name = "starlette"
version = "0.46.0"
source = { registry = "https://pypi.org/simple" }
dependencies = [
    { name = "anyio" },
]
sdist = { url = "https://files.pythonhosted.org/packages/44/b6/fb9a32e3c5d59b1e383c357534c63c2d3caa6f25bf3c59dd89d296ecbaec/starlette-0.46.0.tar.gz", hash = "sha256:b359e4567456b28d473d0193f34c0de0ed49710d75ef183a74a5ce0499324f50", size = 2575568, upload-time = "2025-02-22T17:34:45.949Z" }
wheels = [
    { url = "https://files.pythonhosted.org/packages/41/94/8af675a62e3c91c2dee47cf92e602cfac86e8767b1a1ac3caf1b327c2ab0/starlette-0.46.0-py3-none-any.whl", hash = "sha256:913f0798bd90ba90a9156383bcf1350a17d6259451d0d8ee27fc0cf2db609038", size = 71991, upload-time = "2025-02-22T17:34:43.786Z" },
]

[[package]]
name = "toml"
version = "0.10.2"
source = { registry = "https://pypi.org/simple" }
sdist = { url = "https://files.pythonhosted.org/packages/be/ba/1f744cdc819428fc6b5084ec34d9b30660f6f9daaf70eead706e3203ec3c/toml-0.10.2.tar.gz", hash = "sha256:b3bda1d108d5dd99f4a20d24d9c348e91c4db7ab1b749200bded2f839ccbe68f", size = 22253, upload-time = "2020-11-01T01:40:22.204Z" }
wheels = [
    { url = "https://files.pythonhosted.org/packages/44/6f/7120676b6d73228c96e17f1f794d8ab046fc910d781c8d151120c3f1569e/toml-0.10.2-py2.py3-none-any.whl", hash = "sha256:806143ae5bfb6a3c6e736a764057db0e6a0e05e338b5630894a5f779cabb4f9b", size = 16588, upload-time = "2020-11-01T01:40:20.672Z" },
]

[[package]]
name = "tomlkit"
version = "0.13.2"
source = { registry = "https://pypi.org/simple" }
sdist = { url = "https://files.pythonhosted.org/packages/b1/09/a439bec5888f00a54b8b9f05fa94d7f901d6735ef4e55dcec9bc37b5d8fa/tomlkit-0.13.2.tar.gz", hash = "sha256:fff5fe59a87295b278abd31bec92c15d9bc4a06885ab12bcea52c71119392e79", size = 192885, upload-time = "2024-08-14T08:19:41.488Z" }
wheels = [
    { url = "https://files.pythonhosted.org/packages/f9/b6/a447b5e4ec71e13871be01ba81f5dfc9d0af7e473da256ff46bc0e24026f/tomlkit-0.13.2-py3-none-any.whl", hash = "sha256:7a974427f6e119197f670fbbbeae7bef749a6c14e793db934baefc1b5f03efde", size = 37955, upload-time = "2024-08-14T08:19:40.05Z" },
]

[[package]]
name = "typing-extensions"
version = "4.12.2"
source = { registry = "https://pypi.org/simple" }
sdist = { url = "https://files.pythonhosted.org/packages/df/db/f35a00659bc03fec321ba8bce9420de607a1d37f8342eee1863174c69557/typing_extensions-4.12.2.tar.gz", hash = "sha256:1a7ead55c7e559dd4dee8856e3a88b41225abfe1ce8df57b7c13915fe121ffb8", size = 85321, upload-time = "2024-06-07T18:52:15.995Z" }
wheels = [
    { url = "https://files.pythonhosted.org/packages/26/9f/ad63fc0248c5379346306f8668cda6e2e2e9c95e01216d2b8ffd9ff037d0/typing_extensions-4.12.2-py3-none-any.whl", hash = "sha256:04e5ca0351e0f3f85c6853954072df659d0d13fac324d0072316b67d7794700d", size = 37438, upload-time = "2024-06-07T18:52:13.582Z" },
]

[[package]]
name = "uvicorn"
version = "0.34.0"
source = { registry = "https://pypi.org/simple" }
dependencies = [
    { name = "click" },
    { name = "h11" },
]
sdist = { url = "https://files.pythonhosted.org/packages/4b/4d/938bd85e5bf2edeec766267a5015ad969730bb91e31b44021dfe8b22df6c/uvicorn-0.34.0.tar.gz", hash = "sha256:404051050cd7e905de2c9a7e61790943440b3416f49cb409f965d9dcd0fa73e9", size = 76568, upload-time = "2024-12-15T13:33:30.42Z" }
wheels = [
    { url = "https://files.pythonhosted.org/packages/61/14/33a3a1352cfa71812a3a21e8c9bfb83f60b0011f5e36f2b1399d51928209/uvicorn-0.34.0-py3-none-any.whl", hash = "sha256:023dc038422502fa28a09c7a30bf2b6991512da7dcdb8fd35fe57cfc154126f4", size = 62315, upload-time = "2024-12-15T13:33:27.467Z" },
]
